// !$*UTF8*$!
{
	archiveVersion = 1;
	classes = {
	};
	objectVersion = 50;
	objects = {

/* Begin PBXBuildFile section */
		77B99B2A21A8FA790016597C /* AppDelegate.swift in Sources */ = {isa = PBXBuildFile; fileRef = 77B99B2921A8FA790016597C /* AppDelegate.swift */; };
		77B99B2C21A8FA790016597C /* ViewController.swift in Sources */ = {isa = PBXBuildFile; fileRef = 77B99B2B21A8FA790016597C /* ViewController.swift */; };
		77B99B2F21A8FA790016597C /* Main.storyboard in Resources */ = {isa = PBXBuildFile; fileRef = 77B99B2D21A8FA790016597C /* Main.storyboard */; };
		77B99B3121A8FA8E0016597C /* Assets.xcassets in Resources */ = {isa = PBXBuildFile; fileRef = 77B99B3021A8FA8E0016597C /* Assets.xcassets */; };
		77B99B3421A8FA8E0016597C /* LaunchScreen.storyboard in Resources */ = {isa = PBXBuildFile; fileRef = 77B99B3221A8FA8E0016597C /* LaunchScreen.storyboard */; };
		77B99B3F21A8FA8E0016597C /* StruDocTests.swift in Sources */ = {isa = PBXBuildFile; fileRef = 77B99B3E21A8FA8E0016597C /* StruDocTests.swift */; };
		77B99B4A21A8FA8E0016597C /* StruDocUITests.swift in Sources */ = {isa = PBXBuildFile; fileRef = 77B99B4921A8FA8E0016597C /* StruDocUITests.swift */; };
		77B99B5821A93CDF0016597C /* LoginViewController.swift in Sources */ = {isa = PBXBuildFile; fileRef = 77B99B5721A93CDF0016597C /* LoginViewController.swift */; };
		77B99B5A21A964070016597C /* SignupViewController.swift in Sources */ = {isa = PBXBuildFile; fileRef = 77B99B5921A964070016597C /* SignupViewController.swift */; };
		77B99B5C21A96AB10016597C /* HomeViewController.swift in Sources */ = {isa = PBXBuildFile; fileRef = 77B99B5B21A96AB10016597C /* HomeViewController.swift */; };
		77B99B5F21ABC3000016597C /* StoreKit.framework in Frameworks */ = {isa = PBXBuildFile; fileRef = 77B99B5E21ABC3000016597C /* StoreKit.framework */; };
/* End PBXBuildFile section */

/* Begin PBXContainerItemProxy section */
		77B99B3B21A8FA8E0016597C /* PBXContainerItemProxy */ = {
			isa = PBXContainerItemProxy;
			containerPortal = 77B99B1E21A8FA790016597C /* Project object */;
			proxyType = 1;
			remoteGlobalIDString = 77B99B2521A8FA790016597C;
			remoteInfo = StruDoc;
		};
		77B99B4621A8FA8E0016597C /* PBXContainerItemProxy */ = {
			isa = PBXContainerItemProxy;
			containerPortal = 77B99B1E21A8FA790016597C /* Project object */;
			proxyType = 1;
			remoteGlobalIDString = 77B99B2521A8FA790016597C;
			remoteInfo = StruDoc;
		};
/* End PBXContainerItemProxy section */

/* Begin PBXFileReference section */
		77B99B2621A8FA790016597C /* StruDoc.app */ = {isa = PBXFileReference; explicitFileType = wrapper.application; includeInIndex = 0; path = StruDoc.app; sourceTree = BUILT_PRODUCTS_DIR; };
		77B99B2921A8FA790016597C /* AppDelegate.swift */ = {isa = PBXFileReference; lastKnownFileType = sourcecode.swift; path = AppDelegate.swift; sourceTree = "<group>"; };
		77B99B2B21A8FA790016597C /* ViewController.swift */ = {isa = PBXFileReference; lastKnownFileType = sourcecode.swift; path = ViewController.swift; sourceTree = "<group>"; };
		77B99B2E21A8FA790016597C /* Base */ = {isa = PBXFileReference; lastKnownFileType = file.storyboard; name = Base; path = Base.lproj/Main.storyboard; sourceTree = "<group>"; };
		77B99B3021A8FA8E0016597C /* Assets.xcassets */ = {isa = PBXFileReference; lastKnownFileType = folder.assetcatalog; path = Assets.xcassets; sourceTree = "<group>"; };
		77B99B3321A8FA8E0016597C /* Base */ = {isa = PBXFileReference; lastKnownFileType = file.storyboard; name = Base; path = Base.lproj/LaunchScreen.storyboard; sourceTree = "<group>"; };
		77B99B3521A8FA8E0016597C /* Info.plist */ = {isa = PBXFileReference; lastKnownFileType = text.plist.xml; path = Info.plist; sourceTree = "<group>"; };
		77B99B3A21A8FA8E0016597C /* StruDocTests.xctest */ = {isa = PBXFileReference; explicitFileType = wrapper.cfbundle; includeInIndex = 0; path = StruDocTests.xctest; sourceTree = BUILT_PRODUCTS_DIR; };
		77B99B3E21A8FA8E0016597C /* StruDocTests.swift */ = {isa = PBXFileReference; lastKnownFileType = sourcecode.swift; path = StruDocTests.swift; sourceTree = "<group>"; };
		77B99B4021A8FA8E0016597C /* Info.plist */ = {isa = PBXFileReference; lastKnownFileType = text.plist.xml; path = Info.plist; sourceTree = "<group>"; };
		77B99B4521A8FA8E0016597C /* StruDocUITests.xctest */ = {isa = PBXFileReference; explicitFileType = wrapper.cfbundle; includeInIndex = 0; path = StruDocUITests.xctest; sourceTree = BUILT_PRODUCTS_DIR; };
		77B99B4921A8FA8E0016597C /* StruDocUITests.swift */ = {isa = PBXFileReference; lastKnownFileType = sourcecode.swift; path = StruDocUITests.swift; sourceTree = "<group>"; };
		77B99B4B21A8FA8E0016597C /* Info.plist */ = {isa = PBXFileReference; lastKnownFileType = text.plist.xml; path = Info.plist; sourceTree = "<group>"; };
		77B99B5721A93CDF0016597C /* LoginViewController.swift */ = {isa = PBXFileReference; lastKnownFileType = sourcecode.swift; path = LoginViewController.swift; sourceTree = "<group>"; };
		77B99B5921A964070016597C /* SignupViewController.swift */ = {isa = PBXFileReference; lastKnownFileType = sourcecode.swift; path = SignupViewController.swift; sourceTree = "<group>"; };
		77B99B5B21A96AB10016597C /* HomeViewController.swift */ = {isa = PBXFileReference; lastKnownFileType = sourcecode.swift; path = HomeViewController.swift; sourceTree = "<group>"; };
		77B99B5E21ABC3000016597C /* StoreKit.framework */ = {isa = PBXFileReference; lastKnownFileType = wrapper.framework; name = StoreKit.framework; path = System/Library/Frameworks/StoreKit.framework; sourceTree = SDKROOT; };
		77B99B6021ABC88E0016597C /* StruDoc.entitlements */ = {isa = PBXFileReference; lastKnownFileType = text.plist.entitlements; path = StruDoc.entitlements; sourceTree = "<group>"; };
/* End PBXFileReference section */

/* Begin PBXFrameworksBuildPhase section */
		77B99B2321A8FA790016597C /* Frameworks */ = {
			isa = PBXFrameworksBuildPhase;
			buildActionMask = 2147483647;
			files = (
				77B99B5F21ABC3000016597C /* StoreKit.framework in Frameworks */,
			);
			runOnlyForDeploymentPostprocessing = 0;
		};
		77B99B3721A8FA8E0016597C /* Frameworks */ = {
			isa = PBXFrameworksBuildPhase;
			buildActionMask = 2147483647;
			files = (
			);
			runOnlyForDeploymentPostprocessing = 0;
		};
		77B99B4221A8FA8E0016597C /* Frameworks */ = {
			isa = PBXFrameworksBuildPhase;
			buildActionMask = 2147483647;
			files = (
			);
			runOnlyForDeploymentPostprocessing = 0;
		};
/* End PBXFrameworksBuildPhase section */

/* Begin PBXGroup section */
		77B99B1D21A8FA790016597C = {
			isa = PBXGroup;
			children = (
				77B99B2821A8FA790016597C /* StruDoc */,
				77B99B3D21A8FA8E0016597C /* StruDocTests */,
				77B99B4821A8FA8E0016597C /* StruDocUITests */,
				77B99B2721A8FA790016597C /* Products */,
				77B99B5D21ABC3000016597C /* Frameworks */,
			);
			sourceTree = "<group>";
		};
		77B99B2721A8FA790016597C /* Products */ = {
			isa = PBXGroup;
			children = (
				77B99B2621A8FA790016597C /* StruDoc.app */,
				77B99B3A21A8FA8E0016597C /* StruDocTests.xctest */,
				77B99B4521A8FA8E0016597C /* StruDocUITests.xctest */,
			);
			name = Products;
			sourceTree = "<group>";
		};
		77B99B2821A8FA790016597C /* StruDoc */ = {
			isa = PBXGroup;
			children = (
				77B99B6021ABC88E0016597C /* StruDoc.entitlements */,
				77B99B2921A8FA790016597C /* AppDelegate.swift */,
				77B99B2B21A8FA790016597C /* ViewController.swift */,
				77B99B2D21A8FA790016597C /* Main.storyboard */,
				77B99B3021A8FA8E0016597C /* Assets.xcassets */,
				77B99B3221A8FA8E0016597C /* LaunchScreen.storyboard */,
				77B99B3521A8FA8E0016597C /* Info.plist */,
				77B99B5721A93CDF0016597C /* LoginViewController.swift */,
				77B99B5921A964070016597C /* SignupViewController.swift */,
				77B99B5B21A96AB10016597C /* HomeViewController.swift */,
			);
			path = StruDoc;
			sourceTree = "<group>";
		};
		77B99B3D21A8FA8E0016597C /* StruDocTests */ = {
			isa = PBXGroup;
			children = (
				77B99B3E21A8FA8E0016597C /* StruDocTests.swift */,
				77B99B4021A8FA8E0016597C /* Info.plist */,
			);
			path = StruDocTests;
			sourceTree = "<group>";
		};
		77B99B4821A8FA8E0016597C /* StruDocUITests */ = {
			isa = PBXGroup;
			children = (
				77B99B4921A8FA8E0016597C /* StruDocUITests.swift */,
				77B99B4B21A8FA8E0016597C /* Info.plist */,
			);
			path = StruDocUITests;
			sourceTree = "<group>";
		};
		77B99B5D21ABC3000016597C /* Frameworks */ = {
			isa = PBXGroup;
			children = (
				77B99B5E21ABC3000016597C /* StoreKit.framework */,
			);
			name = Frameworks;
			sourceTree = "<group>";
		};
/* End PBXGroup section */

/* Begin PBXNativeTarget section */
		77B99B2521A8FA790016597C /* StruDoc */ = {
			isa = PBXNativeTarget;
			buildConfigurationList = 77B99B4E21A8FA8E0016597C /* Build configuration list for PBXNativeTarget "StruDoc" */;
			buildPhases = (
				77B99B2221A8FA790016597C /* Sources */,
				77B99B2321A8FA790016597C /* Frameworks */,
				77B99B2421A8FA790016597C /* Resources */,
			);
			buildRules = (
			);
			dependencies = (
			);
			name = StruDoc;
			productName = StruDoc;
			productReference = 77B99B2621A8FA790016597C /* StruDoc.app */;
			productType = "com.apple.product-type.application";
		};
		77B99B3921A8FA8E0016597C /* StruDocTests */ = {
			isa = PBXNativeTarget;
			buildConfigurationList = 77B99B5121A8FA8E0016597C /* Build configuration list for PBXNativeTarget "StruDocTests" */;
			buildPhases = (
				77B99B3621A8FA8E0016597C /* Sources */,
				77B99B3721A8FA8E0016597C /* Frameworks */,
				77B99B3821A8FA8E0016597C /* Resources */,
			);
			buildRules = (
			);
			dependencies = (
				77B99B3C21A8FA8E0016597C /* PBXTargetDependency */,
			);
			name = StruDocTests;
			productName = StruDocTests;
			productReference = 77B99B3A21A8FA8E0016597C /* StruDocTests.xctest */;
			productType = "com.apple.product-type.bundle.unit-test";
		};
		77B99B4421A8FA8E0016597C /* StruDocUITests */ = {
			isa = PBXNativeTarget;
			buildConfigurationList = 77B99B5421A8FA8E0016597C /* Build configuration list for PBXNativeTarget "StruDocUITests" */;
			buildPhases = (
				77B99B4121A8FA8E0016597C /* Sources */,
				77B99B4221A8FA8E0016597C /* Frameworks */,
				77B99B4321A8FA8E0016597C /* Resources */,
			);
			buildRules = (
			);
			dependencies = (
				77B99B4721A8FA8E0016597C /* PBXTargetDependency */,
			);
			name = StruDocUITests;
			productName = StruDocUITests;
			productReference = 77B99B4521A8FA8E0016597C /* StruDocUITests.xctest */;
			productType = "com.apple.product-type.bundle.ui-testing";
		};
/* End PBXNativeTarget section */

/* Begin PBXProject section */
		77B99B1E21A8FA790016597C /* Project object */ = {
			isa = PBXProject;
			attributes = {
				LastSwiftUpdateCheck = 0940;
				LastUpgradeCheck = 0940;
				ORGANIZATIONNAME = "Walinns Innovation";
				TargetAttributes = {
					77B99B2521A8FA790016597C = {
						CreatedOnToolsVersion = 9.4;
						SystemCapabilities = {
							com.apple.HealthKit = {
								enabled = 0;
							};
							com.apple.InAppPurchase = {
								enabled = 1;
							};
							com.apple.Push = {
								enabled = 1;
							};
						};
					};
					77B99B3921A8FA8E0016597C = {
						CreatedOnToolsVersion = 9.4;
						TestTargetID = 77B99B2521A8FA790016597C;
					};
					77B99B4421A8FA8E0016597C = {
						CreatedOnToolsVersion = 9.4;
						TestTargetID = 77B99B2521A8FA790016597C;
					};
				};
			};
			buildConfigurationList = 77B99B2121A8FA790016597C /* Build configuration list for PBXProject "StruDoc" */;
			compatibilityVersion = "Xcode 9.3";
			developmentRegion = en;
			hasScannedForEncodings = 0;
			knownRegions = (
				en,
				Base,
			);
			mainGroup = 77B99B1D21A8FA790016597C;
			productRefGroup = 77B99B2721A8FA790016597C /* Products */;
			projectDirPath = "";
			projectRoot = "";
			targets = (
				77B99B2521A8FA790016597C /* StruDoc */,
				77B99B3921A8FA8E0016597C /* StruDocTests */,
				77B99B4421A8FA8E0016597C /* StruDocUITests */,
			);
		};
/* End PBXProject section */

/* Begin PBXResourcesBuildPhase section */
		77B99B2421A8FA790016597C /* Resources */ = {
			isa = PBXResourcesBuildPhase;
			buildActionMask = 2147483647;
			files = (
				77B99B3421A8FA8E0016597C /* LaunchScreen.storyboard in Resources */,
				77B99B3121A8FA8E0016597C /* Assets.xcassets in Resources */,
				77B99B2F21A8FA790016597C /* Main.storyboard in Resources */,
			);
			runOnlyForDeploymentPostprocessing = 0;
		};
		77B99B3821A8FA8E0016597C /* Resources */ = {
			isa = PBXResourcesBuildPhase;
			buildActionMask = 2147483647;
			files = (
			);
			runOnlyForDeploymentPostprocessing = 0;
		};
		77B99B4321A8FA8E0016597C /* Resources */ = {
			isa = PBXResourcesBuildPhase;
			buildActionMask = 2147483647;
			files = (
			);
			runOnlyForDeploymentPostprocessing = 0;
		};
/* End PBXResourcesBuildPhase section */

/* Begin PBXSourcesBuildPhase section */
		77B99B2221A8FA790016597C /* Sources */ = {
			isa = PBXSourcesBuildPhase;
			buildActionMask = 2147483647;
			files = (
				77B99B5C21A96AB10016597C /* HomeViewController.swift in Sources */,
				77B99B5821A93CDF0016597C /* LoginViewController.swift in Sources */,
				77B99B2C21A8FA790016597C /* ViewController.swift in Sources */,
				77B99B5A21A964070016597C /* SignupViewController.swift in Sources */,
				77B99B2A21A8FA790016597C /* AppDelegate.swift in Sources */,
			);
			runOnlyForDeploymentPostprocessing = 0;
		};
		77B99B3621A8FA8E0016597C /* Sources */ = {
			isa = PBXSourcesBuildPhase;
			buildActionMask = 2147483647;
			files = (
				77B99B3F21A8FA8E0016597C /* StruDocTests.swift in Sources */,
			);
			runOnlyForDeploymentPostprocessing = 0;
		};
		77B99B4121A8FA8E0016597C /* Sources */ = {
			isa = PBXSourcesBuildPhase;
			buildActionMask = 2147483647;
			files = (
				77B99B4A21A8FA8E0016597C /* StruDocUITests.swift in Sources */,
			);
			runOnlyForDeploymentPostprocessing = 0;
		};
/* End PBXSourcesBuildPhase section */

/* Begin PBXTargetDependency section */
		77B99B3C21A8FA8E0016597C /* PBXTargetDependency */ = {
			isa = PBXTargetDependency;
			target = 77B99B2521A8FA790016597C /* StruDoc */;
			targetProxy = 77B99B3B21A8FA8E0016597C /* PBXContainerItemProxy */;
		};
		77B99B4721A8FA8E0016597C /* PBXTargetDependency */ = {
			isa = PBXTargetDependency;
			target = 77B99B2521A8FA790016597C /* StruDoc */;
			targetProxy = 77B99B4621A8FA8E0016597C /* PBXContainerItemProxy */;
		};
/* End PBXTargetDependency section */

/* Begin PBXVariantGroup section */
		77B99B2D21A8FA790016597C /* Main.storyboard */ = {
			isa = PBXVariantGroup;
			children = (
				77B99B2E21A8FA790016597C /* Base */,
			);
			name = Main.storyboard;
			sourceTree = "<group>";
		};
		77B99B3221A8FA8E0016597C /* LaunchScreen.storyboard */ = {
			isa = PBXVariantGroup;
			children = (
				77B99B3321A8FA8E0016597C /* Base */,
			);
			name = LaunchScreen.storyboard;
			sourceTree = "<group>";
		};
/* End PBXVariantGroup section */

/* Begin XCBuildConfiguration section */
		77B99B4C21A8FA8E0016597C /* Debug */ = {
			isa = XCBuildConfiguration;
			buildSettings = {
				ALWAYS_SEARCH_USER_PATHS = NO;
				CLANG_ANALYZER_NONNULL = YES;
				CLANG_ANALYZER_NUMBER_OBJECT_CONVERSION = YES_AGGRESSIVE;
				CLANG_CXX_LANGUAGE_STANDARD = "gnu++14";
				CLANG_CXX_LIBRARY = "libc++";
				CLANG_ENABLE_MODULES = YES;
				CLANG_ENABLE_OBJC_ARC = YES;
				CLANG_ENABLE_OBJC_WEAK = YES;
				CLANG_WARN_BLOCK_CAPTURE_AUTORELEASING = YES;
				CLANG_WARN_BOOL_CONVERSION = YES;
				CLANG_WARN_COMMA = YES;
				CLANG_WARN_CONSTANT_CONVERSION = YES;
				CLANG_WARN_DEPRECATED_OBJC_IMPLEMENTATIONS = YES;
				CLANG_WARN_DIRECT_OBJC_ISA_USAGE = YES_ERROR;
				CLANG_WARN_DOCUMENTATION_COMMENTS = YES;
				CLANG_WARN_EMPTY_BODY = YES;
				CLANG_WARN_ENUM_CONVERSION = YES;
				CLANG_WARN_INFINITE_RECURSION = YES;
				CLANG_WARN_INT_CONVERSION = YES;
				CLANG_WARN_NON_LITERAL_NULL_CONVERSION = YES;
				CLANG_WARN_OBJC_IMPLICIT_RETAIN_SELF = YES;
				CLANG_WARN_OBJC_LITERAL_CONVERSION = YES;
				CLANG_WARN_OBJC_ROOT_CLASS = YES_ERROR;
				CLANG_WARN_RANGE_LOOP_ANALYSIS = YES;
				CLANG_WARN_STRICT_PROTOTYPES = YES;
				CLANG_WARN_SUSPICIOUS_MOVE = YES;
				CLANG_WARN_UNGUARDED_AVAILABILITY = YES_AGGRESSIVE;
				CLANG_WARN_UNREACHABLE_CODE = YES;
				CLANG_WARN__DUPLICATE_METHOD_MATCH = YES;
				CODE_SIGN_IDENTITY = "iPhone Developer";
				COPY_PHASE_STRIP = NO;
				DEBUG_INFORMATION_FORMAT = dwarf;
				ENABLE_STRICT_OBJC_MSGSEND = YES;
				ENABLE_TESTABILITY = YES;
				GCC_C_LANGUAGE_STANDARD = gnu11;
				GCC_DYNAMIC_NO_PIC = NO;
				GCC_NO_COMMON_BLOCKS = YES;
				GCC_OPTIMIZATION_LEVEL = 0;
				GCC_PREPROCESSOR_DEFINITIONS = (
					"DEBUG=1",
					"$(inherited)",
				);
				GCC_WARN_64_TO_32_BIT_CONVERSION = YES;
				GCC_WARN_ABOUT_RETURN_TYPE = YES_ERROR;
				GCC_WARN_UNDECLARED_SELECTOR = YES;
				GCC_WARN_UNINITIALIZED_AUTOS = YES_AGGRESSIVE;
				GCC_WARN_UNUSED_FUNCTION = YES;
				GCC_WARN_UNUSED_VARIABLE = YES;
				IPHONEOS_DEPLOYMENT_TARGET = 11.4;
				MTL_ENABLE_DEBUG_INFO = YES;
				ONLY_ACTIVE_ARCH = YES;
				SDKROOT = iphoneos;
				SWIFT_ACTIVE_COMPILATION_CONDITIONS = DEBUG;
				SWIFT_OPTIMIZATION_LEVEL = "-Onone";
			};
			name = Debug;
		};
		77B99B4D21A8FA8E0016597C /* Release */ = {
			isa = XCBuildConfiguration;
			buildSettings = {
				ALWAYS_SEARCH_USER_PATHS = NO;
				CLANG_ANALYZER_NONNULL = YES;
				CLANG_ANALYZER_NUMBER_OBJECT_CONVERSION = YES_AGGRESSIVE;
				CLANG_CXX_LANGUAGE_STANDARD = "gnu++14";
				CLANG_CXX_LIBRARY = "libc++";
				CLANG_ENABLE_MODULES = YES;
				CLANG_ENABLE_OBJC_ARC = YES;
				CLANG_ENABLE_OBJC_WEAK = YES;
				CLANG_WARN_BLOCK_CAPTURE_AUTORELEASING = YES;
				CLANG_WARN_BOOL_CONVERSION = YES;
				CLANG_WARN_COMMA = YES;
				CLANG_WARN_CONSTANT_CONVERSION = YES;
				CLANG_WARN_DEPRECATED_OBJC_IMPLEMENTATIONS = YES;
				CLANG_WARN_DIRECT_OBJC_ISA_USAGE = YES_ERROR;
				CLANG_WARN_DOCUMENTATION_COMMENTS = YES;
				CLANG_WARN_EMPTY_BODY = YES;
				CLANG_WARN_ENUM_CONVERSION = YES;
				CLANG_WARN_INFINITE_RECURSION = YES;
				CLANG_WARN_INT_CONVERSION = YES;
				CLANG_WARN_NON_LITERAL_NULL_CONVERSION = YES;
				CLANG_WARN_OBJC_IMPLICIT_RETAIN_SELF = YES;
				CLANG_WARN_OBJC_LITERAL_CONVERSION = YES;
				CLANG_WARN_OBJC_ROOT_CLASS = YES_ERROR;
				CLANG_WARN_RANGE_LOOP_ANALYSIS = YES;
				CLANG_WARN_STRICT_PROTOTYPES = YES;
				CLANG_WARN_SUSPICIOUS_MOVE = YES;
				CLANG_WARN_UNGUARDED_AVAILABILITY = YES_AGGRESSIVE;
				CLANG_WARN_UNREACHABLE_CODE = YES;
				CLANG_WARN__DUPLICATE_METHOD_MATCH = YES;
				CODE_SIGN_IDENTITY = "iPhone Developer";
				COPY_PHASE_STRIP = NO;
				DEBUG_INFORMATION_FORMAT = "dwarf-with-dsym";
				ENABLE_NS_ASSERTIONS = NO;
				ENABLE_STRICT_OBJC_MSGSEND = YES;
				GCC_C_LANGUAGE_STANDARD = gnu11;
				GCC_NO_COMMON_BLOCKS = YES;
				GCC_WARN_64_TO_32_BIT_CONVERSION = YES;
				GCC_WARN_ABOUT_RETURN_TYPE = YES_ERROR;
				GCC_WARN_UNDECLARED_SELECTOR = YES;
				GCC_WARN_UNINITIALIZED_AUTOS = YES_AGGRESSIVE;
				GCC_WARN_UNUSED_FUNCTION = YES;
				GCC_WARN_UNUSED_VARIABLE = YES;
				IPHONEOS_DEPLOYMENT_TARGET = 11.4;
				MTL_ENABLE_DEBUG_INFO = NO;
				SDKROOT = iphoneos;
				SWIFT_COMPILATION_MODE = wholemodule;
				SWIFT_OPTIMIZATION_LEVEL = "-O";
				VALIDATE_PRODUCT = YES;
			};
			name = Release;
		};
		77B99B4F21A8FA8E0016597C /* Debug */ = {
			isa = XCBuildConfiguration;
			buildSettings = {
				ASSETCATALOG_COMPILER_APPICON_NAME = AppIcon;
				CODE_SIGN_ENTITLEMENTS = StruDoc/StruDoc.entitlements;
				CODE_SIGN_IDENTITY = "iPhone Developer";
				CODE_SIGN_STYLE = Automatic;
				DEVELOPMENT_TEAM = X83367U8R6;
				INFOPLIST_FILE = StruDoc/Info.plist;
				IPHONEOS_DEPLOYMENT_TARGET = 12.1;
				LD_RUNPATH_SEARCH_PATHS = (
					"$(inherited)",
					"@executable_path/Frameworks",
				);
				PRODUCT_BUNDLE_IDENTIFIER = com.waltick.strudoc;
				PRODUCT_NAME = "$(TARGET_NAME)";
				PROVISIONING_PROFILE_SPECIFIER = "";
				SWIFT_VERSION = 4.2;
				TARGETED_DEVICE_FAMILY = "1,2";
			};
			name = Debug;
		};
		77B99B5021A8FA8E0016597C /* Release */ = {
			isa = XCBuildConfiguration;
			buildSettings = {
				ASSETCATALOG_COMPILER_APPICON_NAME = AppIcon;
				CODE_SIGN_ENTITLEMENTS = StruDoc/StruDoc.entitlements;
				CODE_SIGN_IDENTITY = "iPhone Developer";
				CODE_SIGN_STYLE = Automatic;
				DEVELOPMENT_TEAM = X83367U8R6;
				INFOPLIST_FILE = StruDoc/Info.plist;
				IPHONEOS_DEPLOYMENT_TARGET = 12.1;
				LD_RUNPATH_SEARCH_PATHS = (
					"$(inherited)",
					"@executable_path/Frameworks",
				);
				PRODUCT_BUNDLE_IDENTIFIER = com.waltick.strudoc;
				PRODUCT_NAME = "$(TARGET_NAME)";
				PROVISIONING_PROFILE_SPECIFIER = "";
				SWIFT_VERSION = 4.2;
				TARGETED_DEVICE_FAMILY = "1,2";
			};
			name = Release;
		};
		77B99B5221A8FA8E0016597C /* Debug */ = {
			isa = XCBuildConfiguration;
			buildSettings = {
				ALWAYS_EMBED_SWIFT_STANDARD_LIBRARIES = YES;
				BUNDLE_LOADER = "$(TEST_HOST)";
				CODE_SIGN_STYLE = Automatic;
				DEVELOPMENT_TEAM = X83367U8R6;
				INFOPLIST_FILE = StruDocTests/Info.plist;
				LD_RUNPATH_SEARCH_PATHS = (
					"$(inherited)",
					"@executable_path/Frameworks",
					"@loader_path/Frameworks",
				);
				PRODUCT_BUNDLE_IDENTIFIER = com.walinns.StruDocTests;
				PRODUCT_NAME = "$(TARGET_NAME)";
				SWIFT_VERSION = 4.0;
				TARGETED_DEVICE_FAMILY = "1,2";
				TEST_HOST = "$(BUILT_PRODUCTS_DIR)/StruDoc.app/StruDoc";
			};
			name = Debug;
		};
		77B99B5321A8FA8E0016597C /* Release */ = {
			isa = XCBuildConfiguration;
			buildSettings = {
				ALWAYS_EMBED_SWIFT_STANDARD_LIBRARIES = YES;
				BUNDLE_LOADER = "$(TEST_HOST)";
				CODE_SIGN_STYLE = Automatic;
				DEVELOPMENT_TEAM = X83367U8R6;
				INFOPLIST_FILE = StruDocTests/Info.plist;
				LD_RUNPATH_SEARCH_PATHS = (
					"$(inherited)",
					"@executable_path/Frameworks",
					"@loader_path/Frameworks",
				);
				PRODUCT_BUNDLE_IDENTIFIER = com.walinns.StruDocTests;
				PRODUCT_NAME = "$(TARGET_NAME)";
				SWIFT_VERSION = 4.0;
				TARGETED_DEVICE_FAMILY = "1,2";
				TEST_HOST = "$(BUILT_PRODUCTS_DIR)/StruDoc.app/StruDoc";
			};
			name = Release;
		};
		77B99B5521A8FA8E0016597C /* Debug */ = {
			isa = XCBuildConfiguration;
			buildSettings = {
				ALWAYS_EMBED_SWIFT_STANDARD_LIBRARIES = YES;
				CODE_SIGN_STYLE = Automatic;
				DEVELOPMENT_TEAM = X83367U8R6;
				INFOPLIST_FILE = StruDocUITests/Info.plist;
				LD_RUNPATH_SEARCH_PATHS = (
					"$(inherited)",
					"@executable_path/Frameworks",
					"@loader_path/Frameworks",
				);
				PRODUCT_BUNDLE_IDENTIFIER = com.walinns.StruDocUITests;
				PRODUCT_NAME = "$(TARGET_NAME)";
				SWIFT_VERSION = 4.0;
				TARGETED_DEVICE_FAMILY = "1,2";
				TEST_TARGET_NAME = StruDoc;
			};
			name = Debug;
		};
		77B99B5621A8FA8E0016597C /* Release */ = {
			isa = XCBuildConfiguration;
			buildSettings = {
				ALWAYS_EMBED_SWIFT_STANDARD_LIBRARIES = YES;
				CODE_SIGN_STYLE = Automatic;
				DEVELOPMENT_TEAM = X83367U8R6;
				INFOPLIST_FILE = StruDocUITests/Info.plist;
				LD_RUNPATH_SEARCH_PATHS = (
					"$(inherited)",
					"@executable_path/Frameworks",
					"@loader_path/Frameworks",
				);
				PRODUCT_BUNDLE_IDENTIFIER = com.walinns.StruDocUITests;
				PRODUCT_NAME = "$(TARGET_NAME)";
				SWIFT_VERSION = 4.0;
				TARGETED_DEVICE_FAMILY = "1,2";
				TEST_TARGET_NAME = StruDoc;
			};
			name = Release;
		};
/* End XCBuildConfiguration section */

/* Begin XCConfigurationList section */
		77B99B2121A8FA790016597C /* Build configuration list for PBXProject "StruDoc" */ = {
			isa = XCConfigurationList;
			buildConfigurations = (
				77B99B4C21A8FA8E0016597C /* Debug */,
				77B99B4D21A8FA8E0016597C /* Release */,
			);
			defaultConfigurationIsVisible = 0;
			defaultConfigurationName = Release;
		};
		77B99B4E21A8FA8E0016597C /* Build configuration list for PBXNativeTarget "StruDoc" */ = {
			isa = XCConfigurationList;
			buildConfigurations = (
				77B99B4F21A8FA8E0016597C /* Debug */,
				77B99B5021A8FA8E0016597C /* Release */,
			);
			defaultConfigurationIsVisible = 0;
			defaultConfigurationName = Release;
		};
		77B99B5121A8FA8E0016597C /* Build configuration list for PBXNativeTarget "StruDocTests" */ = {
			isa = XCConfigurationList;
			buildConfigurations = (
				77B99B5221A8FA8E0016597C /* Debug */,
				77B99B5321A8FA8E0016597C /* Release */,
			);
			defaultConfigurationIsVisible = 0;
			defaultConfigurationName = Release;
		};
		77B99B5421A8FA8E0016597C /* Build configuration list for PBXNativeTarget "StruDocUITests" */ = {
			isa = XCConfigurationList;
			buildConfigurations = (
				77B99B5521A8FA8E0016597C /* Debug */,
				77B99B5621A8FA8E0016597C /* Release */,
			);
			defaultConfigurationIsVisible = 0;
			defaultConfigurationName = Release;
		};
/* End XCConfigurationList section */
	};
	rootObject = 77B99B1E21A8FA790016597C /* Project object */;
}
